
Microsoft Visual Studio Solution File, Format Version 12.00
# Visual Studio Version 16
VisualStudioVersion = 16.0.31025.194
MinimumVisualStudioVersion = 10.0.40219.1
Project("{9A19103F-16F7-4668-BE54-9A1E7A4F7556}") = "MbSoftLab.StringEnums", "MbSoftLab.StringEnums\MbSoftLab.StringEnums.csproj", "{8A91FDAA-E73B-4E7B-81C8-A3E5AA3539C6}"
EndProject
Project("{9A19103F-16F7-4668-BE54-9A1E7A4F7556}") = "MbSoftLab.StringEnums.Test", "MbSoftLab.StringEnums.Test\MbSoftLab.StringEnums.Test.csproj", "{5EEE5D9D-8942-45E3-B237-1ABC72AE7414}"
EndProject
Project("{FAE04EC0-301F-11D3-BF4B-00C04F79EFBC}") = "MbSoftLab.StringEnums.Demo", "MbSoftLab.StringEnums.Demo\MbSoftLab.StringEnums.Demo.csproj", "{AE417703-2C11-44EF-AB46-9BDE29AEEB3F}"
EndProject
Global
	GlobalSection(SolutionConfigurationPlatforms) = preSolution
		Debug|Any CPU = Debug|Any CPU
		Release|Any CPU = Release|Any CPU
	EndGlobalSection
	GlobalSection(ProjectConfigurationPlatforms) = postSolution
		{8A91FDAA-E73B-4E7B-81C8-A3E5AA3539C6}.Debug|Any CPU.ActiveCfg = Debug|Any CPU
		{8A91FDAA-E73B-4E7B-81C8-A3E5AA3539C6}.Debug|Any CPU.Build.0 = Debug|Any CPU
		{8A91FDAA-E73B-4E7B-81C8-A3E5AA3539C6}.Release|Any CPU.ActiveCfg = Release|Any CPU
		{8A91FDAA-E73B-4E7B-81C8-A3E5AA3539C6}.Release|Any CPU.Build.0 = Release|Any CPU
		{5EEE5D9D-8942-45E3-B237-1ABC72AE7414}.Debug|Any CPU.ActiveCfg = Debug|Any CPU
		{5EEE5D9D-8942-45E3-B237-1ABC72AE7414}.Debug|Any CPU.Build.0 = Debug|Any CPU
		{5EEE5D9D-8942-45E3-B237-1ABC72AE7414}.Release|Any CPU.ActiveCfg = Release|Any CPU
		{5EEE5D9D-8942-45E3-B237-1ABC72AE7414}.Release|Any CPU.Build.0 = Release|Any CPU
		{AE417703-2C11-44EF-AB46-9BDE29AEEB3F}.Debug|Any CPU.ActiveCfg = Debug|Any CPU
		{AE417703-2C11-44EF-AB46-9BDE29AEEB3F}.Debug|Any CPU.Build.0 = Debug|Any CPU
		{AE417703-2C11-44EF-AB46-9BDE29AEEB3F}.Release|Any CPU.ActiveCfg = Release|Any CPU
		{AE417703-2C11-44EF-AB46-9BDE29AEEB3F}.Release|Any CPU.Build.0 = Release|Any CPU
	EndGlobalSection
	GlobalSection(SolutionProperties) = preSolution
		HideSolutionNode = FALSE
	EndGlobalSection
	GlobalSection(ExtensibilityGlobals) = postSolution
		SolutionGuid = {9106B0CE-AEB1-4EA4-B086-EA4616FE5D30}
	EndGlobalSection
EndGlobal
